
Microsoft Visual Studio Solution File, Format Version 12.00
# Visual Studio Version 17
VisualStudioVersion = 17.11.35303.130
MinimumVisualStudioVersion = 10.0.40219.1
Project("{FAE04EC0-301F-11D3-BF4B-00C04F79EFBC}") = "backend", "backend\backend.csproj", "{5E06CDB7-6192-4B1A-A9C1-59EE5D9C6133}"
EndProject
Global
	GlobalSection(SolutionConfigurationPlatforms) = preSolution
		Debug|Any CPU = Debug|Any CPU
		Release|Any CPU = Release|Any CPU
	EndGlobalSection
	GlobalSection(ProjectConfigurationPlatforms) = postSolution
		{5E06CDB7-6192-4B1A-A9C1-59EE5D9C6133}.Debug|Any CPU.ActiveCfg = Debug|Any CPU
		{5E06CDB7-6192-4B1A-A9C1-59EE5D9C6133}.Debug|Any CPU.Build.0 = Debug|Any CPU
		{5E06CDB7-6192-4B1A-A9C1-59EE5D9C6133}.Release|Any CPU.ActiveCfg = Release|Any CPU
		{5E06CDB7-6192-4B1A-A9C1-59EE5D9C6133}.Release|Any CPU.Build.0 = Release|Any CPU
	EndGlobalSection
	GlobalSection(SolutionProperties) = preSolution
		HideSolutionNode = FALSE
	EndGlobalSection
	GlobalSection(ExtensibilityGlobals) = postSolution
		SolutionGuid = {7829B59F-7DDE-4370-8B53-88A55C592DA4}
	EndGlobalSection
EndGlobal
